
Microsoft Visual Studio Solution File, Format Version 12.00
# Visual Studio Version 16
VisualStudioVersion = 16.0.810.9
MinimumVisualStudioVersion = 10.0.40219.1
Project("{FAE04EC0-301F-11D3-BF4B-00C04F79EFBC}") = "Assembly-CSharp", "Assembly-CSharp.csproj", "{05F9F80A-90A4-B1C8-84FF-0B85CD5D5BFE}"
EndProject
Global
	GlobalSection(SolutionConfigurationPlatforms) = preSolution
		Debug|Any CPU = Debug|Any CPU
		Release|Any CPU = Release|Any CPU
	EndGlobalSection
	GlobalSection(ProjectConfigurationPlatforms) = postSolution
		{05F9F80A-90A4-B1C8-84FF-0B85CD5D5BFE}.Debug|Any CPU.ActiveCfg = Debug|Any CPU
		{05F9F80A-90A4-B1C8-84FF-0B85CD5D5BFE}.Debug|Any CPU.Build.0 = Debug|Any CPU
		{05F9F80A-90A4-B1C8-84FF-0B85CD5D5BFE}.Release|Any CPU.ActiveCfg = Release|Any CPU
		{05F9F80A-90A4-B1C8-84FF-0B85CD5D5BFE}.Release|Any CPU.Build.0 = Release|Any CPU
	EndGlobalSection
	GlobalSection(SolutionProperties) = preSolution
		HideSolutionNode = FALSE
	EndGlobalSection
	GlobalSection(ExtensibilityGlobals) = postSolution
		SolutionGuid = {ED9D4EC3-A455-427C-B07D-1C748D091501}
	EndGlobalSection
EndGlobal
